
Microsoft Visual Studio Solution File, Format Version 12.00
# Visual Studio Version 17
VisualStudioVersion = 17.3.32929.385
MinimumVisualStudioVersion = 10.0.40219.1
Project("{FAE04EC0-301F-11D3-BF4B-00C04F79EFBC}") = "MVCProject", "WebApplication1\MVCProject.csproj", "{5797CC86-F125-42E7-BBE9-744218F75EFF}"
EndProject
Project("{FAE04EC0-301F-11D3-BF4B-00C04F79EFBC}") = "ProjectAPI", "ClassLibrary1\ProjectAPI.csproj", "{57B1CCD2-03F7-4E4A-AB34-369A71D7C6AD}"
EndProject
Global
	GlobalSection(SolutionConfigurationPlatforms) = preSolution
		Debug|Any CPU = Debug|Any CPU
		Release|Any CPU = Release|Any CPU
	EndGlobalSection
	GlobalSection(ProjectConfigurationPlatforms) = postSolution
		{5797CC86-F125-42E7-BBE9-744218F75EFF}.Debug|Any CPU.ActiveCfg = Debug|Any CPU
		{5797CC86-F125-42E7-BBE9-744218F75EFF}.Debug|Any CPU.Build.0 = Debug|Any CPU
		{5797CC86-F125-42E7-BBE9-744218F75EFF}.Release|Any CPU.ActiveCfg = Release|Any CPU
		{5797CC86-F125-42E7-BBE9-744218F75EFF}.Release|Any CPU.Build.0 = Release|Any CPU
		{57B1CCD2-03F7-4E4A-AB34-369A71D7C6AD}.Debug|Any CPU.ActiveCfg = Debug|Any CPU
		{57B1CCD2-03F7-4E4A-AB34-369A71D7C6AD}.Debug|Any CPU.Build.0 = Debug|Any CPU
		{57B1CCD2-03F7-4E4A-AB34-369A71D7C6AD}.Release|Any CPU.ActiveCfg = Release|Any CPU
		{57B1CCD2-03F7-4E4A-AB34-369A71D7C6AD}.Release|Any CPU.Build.0 = Release|Any CPU
	EndGlobalSection
	GlobalSection(SolutionProperties) = preSolution
		HideSolutionNode = FALSE
	EndGlobalSection
	GlobalSection(ExtensibilityGlobals) = postSolution
		SolutionGuid = {A94643B2-EFCF-4B95-84A9-CFEAA6B6825D}
	EndGlobalSection
EndGlobal
